
Microsoft Visual Studio Solution File, Format Version 12.00
# Visual Studio Version 17
VisualStudioVersion = 17.0.31903.59
MinimumVisualStudioVersion = 10.0.40219.1
Project("{2150E333-8FDC-42A3-9474-1A3956D46DE8}") = "src", "src", "{827E0CD3-B72D-47B6-A68D-7590B98EB39B}"
EndProject
Project("{FAE04EC0-301F-11D3-BF4B-00C04F79EFBC}") = "TaskBridge.Api", "src\TaskBridge.Api\TaskBridge.Api.csproj", "{AEB0C3DC-0DF6-4566-B30A-6C2D7EA01B9E}"
EndProject
Project("{FAE04EC0-301F-11D3-BF4B-00C04F79EFBC}") = "TaskBridge.Application", "src\TaskBridge.Application\TaskBridge.Application.csproj", "{51017D32-161C-49A4-AF0E-10B9A7031107}"
EndProject
Project("{FAE04EC0-301F-11D3-BF4B-00C04F79EFBC}") = "TaskBridge.Domain", "src\TaskBridge.Domain\TaskBridge.Domain.csproj", "{72275CFC-66BF-4C14-A5A3-04F7AD6663F4}"
EndProject
Project("{FAE04EC0-301F-11D3-BF4B-00C04F79EFBC}") = "TaskBridge.Infrastructure", "src\TaskBridge.Infrastructure\TaskBridge.Infrastructure.csproj", "{3C964488-A5F4-42C2-B9D4-2102B2EAD09A}"
EndProject
Project("{2150E333-8FDC-42A3-9474-1A3956D46DE8}") = "tests", "tests", "{0AB3BF05-4346-4AA6-1389-037BE0695223}"
EndProject
Project("{FAE04EC0-301F-11D3-BF4B-00C04F79EFBC}") = "TaskBridge.Tests", "tests\TaskBridge.Tests\TaskBridge.Tests.csproj", "{B3DE1FA6-BC65-497A-9122-57BACF368CE2}"
EndProject
Global
	GlobalSection(SolutionConfigurationPlatforms) = preSolution
		Debug|Any CPU = Debug|Any CPU
		Debug|x64 = Debug|x64
		Debug|x86 = Debug|x86
		Release|Any CPU = Release|Any CPU
		Release|x64 = Release|x64
		Release|x86 = Release|x86
	EndGlobalSection
	GlobalSection(ProjectConfigurationPlatforms) = postSolution
		{AEB0C3DC-0DF6-4566-B30A-6C2D7EA01B9E}.Debug|Any CPU.ActiveCfg = Debug|Any CPU
		{AEB0C3DC-0DF6-4566-B30A-6C2D7EA01B9E}.Debug|Any CPU.Build.0 = Debug|Any CPU
		{AEB0C3DC-0DF6-4566-B30A-6C2D7EA01B9E}.Debug|x64.ActiveCfg = Debug|Any CPU
		{AEB0C3DC-0DF6-4566-B30A-6C2D7EA01B9E}.Debug|x64.Build.0 = Debug|Any CPU
		{AEB0C3DC-0DF6-4566-B30A-6C2D7EA01B9E}.Debug|x86.ActiveCfg = Debug|Any CPU
		{AEB0C3DC-0DF6-4566-B30A-6C2D7EA01B9E}.Debug|x86.Build.0 = Debug|Any CPU
		{AEB0C3DC-0DF6-4566-B30A-6C2D7EA01B9E}.Release|Any CPU.ActiveCfg = Release|Any CPU
		{AEB0C3DC-0DF6-4566-B30A-6C2D7EA01B9E}.Release|Any CPU.Build.0 = Release|Any CPU
		{AEB0C3DC-0DF6-4566-B30A-6C2D7EA01B9E}.Release|x64.ActiveCfg = Release|Any CPU
		{AEB0C3DC-0DF6-4566-B30A-6C2D7EA01B9E}.Release|x64.Build.0 = Release|Any CPU
		{AEB0C3DC-0DF6-4566-B30A-6C2D7EA01B9E}.Release|x86.ActiveCfg = Release|Any CPU
		{AEB0C3DC-0DF6-4566-B30A-6C2D7EA01B9E}.Release|x86.Build.0 = Release|Any CPU
		{51017D32-161C-49A4-AF0E-10B9A7031107}.Debug|Any CPU.ActiveCfg = Debug|Any CPU
		{51017D32-161C-49A4-AF0E-10B9A7031107}.Debug|Any CPU.Build.0 = Debug|Any CPU
		{51017D32-161C-49A4-AF0E-10B9A7031107}.Debug|x64.ActiveCfg = Debug|Any CPU
		{51017D32-161C-49A4-AF0E-10B9A7031107}.Debug|x64.Build.0 = Debug|Any CPU
		{51017D32-161C-49A4-AF0E-10B9A7031107}.Debug|x86.ActiveCfg = Debug|Any CPU
		{51017D32-161C-49A4-AF0E-10B9A7031107}.Debug|x86.Build.0 = Debug|Any CPU
		{51017D32-161C-49A4-AF0E-10B9A7031107}.Release|Any CPU.ActiveCfg = Release|Any CPU
		{51017D32-161C-49A4-AF0E-10B9A7031107}.Release|Any CPU.Build.0 = Release|Any CPU
		{51017D32-161C-49A4-AF0E-10B9A7031107}.Release|x64.ActiveCfg = Release|Any CPU
		{51017D32-161C-49A4-AF0E-10B9A7031107}.Release|x64.Build.0 = Release|Any CPU
		{51017D32-161C-49A4-AF0E-10B9A7031107}.Release|x86.ActiveCfg = Release|Any CPU
		{51017D32-161C-49A4-AF0E-10B9A7031107}.Release|x86.Build.0 = Release|Any CPU
		{72275CFC-66BF-4C14-A5A3-04F7AD6663F4}.Debug|Any CPU.ActiveCfg = Debug|Any CPU
		{72275CFC-66BF-4C14-A5A3-04F7AD6663F4}.Debug|Any CPU.Build.0 = Debug|Any CPU
		{72275CFC-66BF-4C14-A5A3-04F7AD6663F4}.Debug|x64.ActiveCfg = Debug|Any CPU
		{72275CFC-66BF-4C14-A5A3-04F7AD6663F4}.Debug|x64.Build.0 = Debug|Any CPU
		{72275CFC-66BF-4C14-A5A3-04F7AD6663F4}.Debug|x86.ActiveCfg = Debug|Any CPU
		{72275CFC-66BF-4C14-A5A3-04F7AD6663F4}.Debug|x86.Build.0 = Debug|Any CPU
		{72275CFC-66BF-4C14-A5A3-04F7AD6663F4}.Release|Any CPU.ActiveCfg = Release|Any CPU
		{72275CFC-66BF-4C14-A5A3-04F7AD6663F4}.Release|Any CPU.Build.0 = Release|Any CPU
		{72275CFC-66BF-4C14-A5A3-04F7AD6663F4}.Release|x64.ActiveCfg = Release|Any CPU
		{72275CFC-66BF-4C14-A5A3-04F7AD6663F4}.Release|x64.Build.0 = Release|Any CPU
		{72275CFC-66BF-4C14-A5A3-04F7AD6663F4}.Release|x86.ActiveCfg = Release|Any CPU
		{72275CFC-66BF-4C14-A5A3-04F7AD6663F4}.Release|x86.Build.0 = Release|Any CPU
		{3C964488-A5F4-42C2-B9D4-2102B2EAD09A}.Debug|Any CPU.ActiveCfg = Debug|Any CPU
		{3C964488-A5F4-42C2-B9D4-2102B2EAD09A}.Debug|Any CPU.Build.0 = Debug|Any CPU
		{3C964488-A5F4-42C2-B9D4-2102B2EAD09A}.Debug|x64.ActiveCfg = Debug|Any CPU
		{3C964488-A5F4-42C2-B9D4-2102B2EAD09A}.Debug|x64.Build.0 = Debug|Any CPU
		{3C964488-A5F4-42C2-B9D4-2102B2EAD09A}.Debug|x86.ActiveCfg = Debug|Any CPU
		{3C964488-A5F4-42C2-B9D4-2102B2EAD09A}.Debug|x86.Build.0 = Debug|Any CPU
		{3C964488-A5F4-42C2-B9D4-2102B2EAD09A}.Release|Any CPU.ActiveCfg = Release|Any CPU
		{3C964488-A5F4-42C2-B9D4-2102B2EAD09A}.Release|Any CPU.Build.0 = Release|Any CPU
		{3C964488-A5F4-42C2-B9D4-2102B2EAD09A}.Release|x64.ActiveCfg = Release|Any CPU
		{3C964488-A5F4-42C2-B9D4-2102B2EAD09A}.Release|x64.Build.0 = Release|Any CPU
		{3C964488-A5F4-42C2-B9D4-2102B2EAD09A}.Release|x86.ActiveCfg = Release|Any CPU
		{3C964488-A5F4-42C2-B9D4-2102B2EAD09A}.Release|x86.Build.0 = Release|Any CPU
		{B3DE1FA6-BC65-497A-9122-57BACF368CE2}.Debug|Any CPU.ActiveCfg = Debug|Any CPU
		{B3DE1FA6-BC65-497A-9122-57BACF368CE2}.Debug|Any CPU.Build.0 = Debug|Any CPU
		{B3DE1FA6-BC65-497A-9122-57BACF368CE2}.Debug|x64.ActiveCfg = Debug|Any CPU
		{B3DE1FA6-BC65-497A-9122-57BACF368CE2}.Debug|x64.Build.0 = Debug|Any CPU
		{B3DE1FA6-BC65-497A-9122-57BACF368CE2}.Debug|x86.ActiveCfg = Debug|Any CPU
		{B3DE1FA6-BC65-497A-9122-57BACF368CE2}.Debug|x86.Build.0 = Debug|Any CPU
		{B3DE1FA6-BC65-497A-9122-57BACF368CE2}.Release|Any CPU.ActiveCfg = Release|Any CPU
		{B3DE1FA6-BC65-497A-9122-57BACF368CE2}.Release|Any CPU.Build.0 = Release|Any CPU
		{B3DE1FA6-BC65-497A-9122-57BACF368CE2}.Release|x64.ActiveCfg = Release|Any CPU
		{B3DE1FA6-BC65-497A-9122-57BACF368CE2}.Release|x64.Build.0 = Release|Any CPU
		{B3DE1FA6-BC65-497A-9122-57BACF368CE2}.Release|x86.ActiveCfg = Release|Any CPU
		{B3DE1FA6-BC65-497A-9122-57BACF368CE2}.Release|x86.Build.0 = Release|Any CPU
	EndGlobalSection
	GlobalSection(SolutionProperties) = preSolution
		HideSolutionNode = FALSE
	EndGlobalSection
	GlobalSection(NestedProjects) = preSolution
		{AEB0C3DC-0DF6-4566-B30A-6C2D7EA01B9E} = {827E0CD3-B72D-47B6-A68D-7590B98EB39B}
		{51017D32-161C-49A4-AF0E-10B9A7031107} = {827E0CD3-B72D-47B6-A68D-7590B98EB39B}
		{72275CFC-66BF-4C14-A5A3-04F7AD6663F4} = {827E0CD3-B72D-47B6-A68D-7590B98EB39B}
		{3C964488-A5F4-42C2-B9D4-2102B2EAD09A} = {827E0CD3-B72D-47B6-A68D-7590B98EB39B}
		{B3DE1FA6-BC65-497A-9122-57BACF368CE2} = {0AB3BF05-4346-4AA6-1389-037BE0695223}
	EndGlobalSection
EndGlobal
